
Microsoft Visual Studio Solution File, Format Version 12.00
# Visual Studio Version 17
VisualStudioVersion = 17.4.33205.214
MinimumVisualStudioVersion = 10.0.40219.1
Project("{FAE04EC0-301F-11D3-BF4B-00C04F79EFBC}") = "Loop Boot Camp", "Loop Boot Camp.csproj", "{8AFA0A4A-BB1E-4B18-B539-8E71F050DBF6}"
EndProject
Global
	GlobalSection(SolutionConfigurationPlatforms) = preSolution
		Debug|Any CPU = Debug|Any CPU
		Release|Any CPU = Release|Any CPU
	EndGlobalSection
	GlobalSection(ProjectConfigurationPlatforms) = postSolution
		{8AFA0A4A-BB1E-4B18-B539-8E71F050DBF6}.Debug|Any CPU.ActiveCfg = Debug|Any CPU
		{8AFA0A4A-BB1E-4B18-B539-8E71F050DBF6}.Debug|Any CPU.Build.0 = Debug|Any CPU
		{8AFA0A4A-BB1E-4B18-B539-8E71F050DBF6}.Release|Any CPU.ActiveCfg = Release|Any CPU
		{8AFA0A4A-BB1E-4B18-B539-8E71F050DBF6}.Release|Any CPU.Build.0 = Release|Any CPU
	EndGlobalSection
	GlobalSection(SolutionProperties) = preSolution
		HideSolutionNode = FALSE
	EndGlobalSection
	GlobalSection(ExtensibilityGlobals) = postSolution
		SolutionGuid = {49A5872B-5CFB-4415-9929-77EA2D29F2A2}
	EndGlobalSection
EndGlobal
